
Microsoft Visual Studio Solution File, Format Version 12.00
# Visual Studio 15
VisualStudioVersion = 15.0.28010.2016
MinimumVisualStudioVersion = 10.0.40219.1
Project("{9A19103F-16F7-4668-BE54-9A1E7A4F7556}") = "NASA.Api", "src\NASA.Api\NASA.Api.csproj", "{1533FA51-575E-4D36-92CE-9271B9288D04}"
EndProject
Project("{9A19103F-16F7-4668-BE54-9A1E7A4F7556}") = "NASA.Api.Tests", "src\NASA.Api.Tests\NASA.Api.Tests.csproj", "{E6B66395-8C16-40DA-A562-518914722129}"
EndProject
Project("{2150E333-8FDC-42A3-9474-1A3956D46DE8}") = "src", "src", "{923C253F-0628-4895-A1D3-E1AA4F900713}"
EndProject
Project("{2150E333-8FDC-42A3-9474-1A3956D46DE8}") = "tests", "tests", "{51C97B59-D7D5-4161-AFC8-EC659B9EB74C}"
EndProject
Project("{9A19103F-16F7-4668-BE54-9A1E7A4F7556}") = "NASA.PhotoImporter", "src\NASA.PhotoImporter\NASA.PhotoImporter.csproj", "{F4A466F5-692C-48EF-A456-EF7FC4DFAE5E}"
EndProject
Project("{9A19103F-16F7-4668-BE54-9A1E7A4F7556}") = "NASA.PhotoImporter.Tests", "src\NASA.PhotoImporter.Tests\NASA.PhotoImporter.Tests.csproj", "{4404ACA6-B7ED-4429-8361-E33298A04EE0}"
EndProject
Project("{FAE04EC0-301F-11D3-BF4B-00C04F79EFBC}") = "NASA.Web", "src\NASA.Web\NASA.Web.csproj", "{291F3EB8-3012-42AB-B036-1E7A79E9B530}"
EndProject
Global
	GlobalSection(SolutionConfigurationPlatforms) = preSolution
		Debug|Any CPU = Debug|Any CPU
		Release|Any CPU = Release|Any CPU
	EndGlobalSection
	GlobalSection(ProjectConfigurationPlatforms) = postSolution
		{1533FA51-575E-4D36-92CE-9271B9288D04}.Debug|Any CPU.ActiveCfg = Debug|Any CPU
		{1533FA51-575E-4D36-92CE-9271B9288D04}.Debug|Any CPU.Build.0 = Debug|Any CPU
		{1533FA51-575E-4D36-92CE-9271B9288D04}.Release|Any CPU.ActiveCfg = Release|Any CPU
		{1533FA51-575E-4D36-92CE-9271B9288D04}.Release|Any CPU.Build.0 = Release|Any CPU
		{E6B66395-8C16-40DA-A562-518914722129}.Debug|Any CPU.ActiveCfg = Debug|Any CPU
		{E6B66395-8C16-40DA-A562-518914722129}.Debug|Any CPU.Build.0 = Debug|Any CPU
		{E6B66395-8C16-40DA-A562-518914722129}.Release|Any CPU.ActiveCfg = Release|Any CPU
		{E6B66395-8C16-40DA-A562-518914722129}.Release|Any CPU.Build.0 = Release|Any CPU
		{F4A466F5-692C-48EF-A456-EF7FC4DFAE5E}.Debug|Any CPU.ActiveCfg = Debug|Any CPU
		{F4A466F5-692C-48EF-A456-EF7FC4DFAE5E}.Debug|Any CPU.Build.0 = Debug|Any CPU
		{F4A466F5-692C-48EF-A456-EF7FC4DFAE5E}.Release|Any CPU.ActiveCfg = Release|Any CPU
		{F4A466F5-692C-48EF-A456-EF7FC4DFAE5E}.Release|Any CPU.Build.0 = Release|Any CPU
		{4404ACA6-B7ED-4429-8361-E33298A04EE0}.Debug|Any CPU.ActiveCfg = Debug|Any CPU
		{4404ACA6-B7ED-4429-8361-E33298A04EE0}.Debug|Any CPU.Build.0 = Debug|Any CPU
		{4404ACA6-B7ED-4429-8361-E33298A04EE0}.Release|Any CPU.ActiveCfg = Release|Any CPU
		{4404ACA6-B7ED-4429-8361-E33298A04EE0}.Release|Any CPU.Build.0 = Release|Any CPU
		{291F3EB8-3012-42AB-B036-1E7A79E9B530}.Debug|Any CPU.ActiveCfg = Debug|Any CPU
		{291F3EB8-3012-42AB-B036-1E7A79E9B530}.Debug|Any CPU.Build.0 = Debug|Any CPU
		{291F3EB8-3012-42AB-B036-1E7A79E9B530}.Release|Any CPU.ActiveCfg = Release|Any CPU
		{291F3EB8-3012-42AB-B036-1E7A79E9B530}.Release|Any CPU.Build.0 = Release|Any CPU
	EndGlobalSection
	GlobalSection(SolutionProperties) = preSolution
		HideSolutionNode = FALSE
	EndGlobalSection
	GlobalSection(NestedProjects) = preSolution
		{1533FA51-575E-4D36-92CE-9271B9288D04} = {923C253F-0628-4895-A1D3-E1AA4F900713}
		{E6B66395-8C16-40DA-A562-518914722129} = {51C97B59-D7D5-4161-AFC8-EC659B9EB74C}
		{F4A466F5-692C-48EF-A456-EF7FC4DFAE5E} = {923C253F-0628-4895-A1D3-E1AA4F900713}
		{4404ACA6-B7ED-4429-8361-E33298A04EE0} = {51C97B59-D7D5-4161-AFC8-EC659B9EB74C}
		{291F3EB8-3012-42AB-B036-1E7A79E9B530} = {923C253F-0628-4895-A1D3-E1AA4F900713}
	EndGlobalSection
	GlobalSection(ExtensibilityGlobals) = postSolution
		SolutionGuid = {9AD9499C-8641-480D-BEDF-D0ECBAC5DBC1}
	EndGlobalSection
EndGlobal
